
Microsoft Visual Studio Solution File, Format Version 12.00
# Visual Studio 15
VisualStudioVersion = 15.0.28307.1300
MinimumVisualStudioVersion = 10.0.40219.1
Project("{FAE04EC0-301F-11D3-BF4B-00C04F79EFBC}") = "dojo-01", "dojo-01\dojo-01.csproj", "{D047D52B-06A0-409A-9870-E53580F0696E}"
EndProject
Project("{FAE04EC0-301F-11D3-BF4B-00C04F79EFBC}") = "dojo-02", "dojo-02\dojo-02.csproj", "{D1355E9F-570A-4AE5-AAEA-74639D9A52CE}"
EndProject
Project("{FAE04EC0-301F-11D3-BF4B-00C04F79EFBC}") = "dojo-03", "dojo-03\dojo-03.csproj", "{892AC2AB-5D26-4817-A203-3767A70EA543}"
EndProject
Global
	GlobalSection(SolutionConfigurationPlatforms) = preSolution
		Debug|anycpu = Debug|anycpu
		Release|anycpu = Release|anycpu
	EndGlobalSection
	GlobalSection(ProjectConfigurationPlatforms) = postSolution
		{D047D52B-06A0-409A-9870-E53580F0696E}.Debug|anycpu.ActiveCfg = Debug|Any CPU
		{D047D52B-06A0-409A-9870-E53580F0696E}.Debug|anycpu.Build.0 = Debug|Any CPU
		{D047D52B-06A0-409A-9870-E53580F0696E}.Release|anycpu.ActiveCfg = Release|Any CPU
		{D047D52B-06A0-409A-9870-E53580F0696E}.Release|anycpu.Build.0 = Release|Any CPU
		{D1355E9F-570A-4AE5-AAEA-74639D9A52CE}.Debug|anycpu.ActiveCfg = Debug|Any CPU
		{D1355E9F-570A-4AE5-AAEA-74639D9A52CE}.Debug|anycpu.Build.0 = Debug|Any CPU
		{D1355E9F-570A-4AE5-AAEA-74639D9A52CE}.Release|anycpu.ActiveCfg = Release|Any CPU
		{D1355E9F-570A-4AE5-AAEA-74639D9A52CE}.Release|anycpu.Build.0 = Release|Any CPU
		{892AC2AB-5D26-4817-A203-3767A70EA543}.Debug|anycpu.ActiveCfg = Debug|Any CPU
		{892AC2AB-5D26-4817-A203-3767A70EA543}.Debug|anycpu.Build.0 = Debug|Any CPU
		{892AC2AB-5D26-4817-A203-3767A70EA543}.Release|anycpu.ActiveCfg = Release|Any CPU
		{892AC2AB-5D26-4817-A203-3767A70EA543}.Release|anycpu.Build.0 = Release|Any CPU
	EndGlobalSection
	GlobalSection(SolutionProperties) = preSolution
		HideSolutionNode = FALSE
	EndGlobalSection
	GlobalSection(ExtensibilityGlobals) = postSolution
		SolutionGuid = {A6CBE881-20C9-4C1C-832D-E0DAE9269EF0}
	EndGlobalSection
EndGlobal
